
Microsoft Visual Studio Solution File, Format Version 10.00
# Visual Studio 2008
Project("{FAE04EC0-301F-11D3-BF4B-00C04F79EFBC}") = "Harleysville.Build.3_5Jumper", "Harleysville.Build.3_5Jumper\Harleysville.Build.3_5Jumper.csproj", "{C46107EF-21F5-4153-8EB2-5A6A6D2F7EA9}"
EndProject
Global
	GlobalSection(TeamFoundationVersionControl) = preSolution
		SccNumberOfProjects = 2
		SccEnterpriseProvider = {4CA58AB2-18FA-4F8D-95D4-32DDF27D184C}
		SccTeamFoundationServer = http://as73tfs01:8080/
		SccLocalPath0 = .
		SccProjectUniqueName1 = Harleysville.Build.3_5Jumper\\Harleysville.Build.3_5Jumper.csproj
		SccProjectName1 = Harleysville.Build.3_5Jumper
		SccLocalPath1 = Harleysville.Build.3_5Jumper
	EndGlobalSection
	GlobalSection(SolutionConfigurationPlatforms) = preSolution
		Debug|Any CPU = Debug|Any CPU
		Release|Any CPU = Release|Any CPU
	EndGlobalSection
	GlobalSection(ProjectConfigurationPlatforms) = postSolution
		{C46107EF-21F5-4153-8EB2-5A6A6D2F7EA9}.Debug|Any CPU.ActiveCfg = Debug|Any CPU
		{C46107EF-21F5-4153-8EB2-5A6A6D2F7EA9}.Debug|Any CPU.Build.0 = Debug|Any CPU
		{C46107EF-21F5-4153-8EB2-5A6A6D2F7EA9}.Release|Any CPU.ActiveCfg = Release|Any CPU
		{C46107EF-21F5-4153-8EB2-5A6A6D2F7EA9}.Release|Any CPU.Build.0 = Release|Any CPU
	EndGlobalSection
	GlobalSection(SolutionProperties) = preSolution
		HideSolutionNode = FALSE
	EndGlobalSection
EndGlobal
