
Microsoft Visual Studio Solution File, Format Version 9.00
# Visual Studio 2005
Project("{F14B399A-7131-4C87-9E4B-1186C45EF12D}") = "TFSCustomReports", "TFSCustomReports\TFSCustomReports.rptproj", "{F1BE0392-761B-4DE0-BF05-F6C201DF4BA4}"
EndProject
Global
	GlobalSection(TeamFoundationVersionControl) = preSolution
		SccNumberOfProjects = 2
		SccEnterpriseProvider = {4CA58AB2-18FA-4F8D-95D4-32DDF27D184C}
		SccTeamFoundationServer = http://as73tfs01:8080/
		SccLocalPath0 = .
		SccProjectUniqueName1 = TFSCustomReports\\TFSCustomReports.rptproj
		SccProjectName1 = TFSCustomReports
		SccLocalPath1 = TFSCustomReports
	EndGlobalSection
	GlobalSection(TextTemplating) = postSolution
		TextTemplating = 1
	EndGlobalSection
	GlobalSection(SolutionConfigurationPlatforms) = preSolution
		Debug|Default = Debug|Default
		DebugLocal|Default = DebugLocal|Default
		Production|Default = Production|Default
	EndGlobalSection
	GlobalSection(ProjectConfigurationPlatforms) = postSolution
		{F1BE0392-761B-4DE0-BF05-F6C201DF4BA4}.Debug|Default.ActiveCfg = Debug
		{F1BE0392-761B-4DE0-BF05-F6C201DF4BA4}.Debug|Default.Build.0 = DebugLocal
		{F1BE0392-761B-4DE0-BF05-F6C201DF4BA4}.Debug|Default.Deploy.0 = DebugLocal
		{F1BE0392-761B-4DE0-BF05-F6C201DF4BA4}.DebugLocal|Default.ActiveCfg = DebugLocal
		{F1BE0392-761B-4DE0-BF05-F6C201DF4BA4}.DebugLocal|Default.Build.0 = DebugLocal
		{F1BE0392-761B-4DE0-BF05-F6C201DF4BA4}.Production|Default.ActiveCfg = Production
		{F1BE0392-761B-4DE0-BF05-F6C201DF4BA4}.Production|Default.Build.0 = Production
		{F1BE0392-761B-4DE0-BF05-F6C201DF4BA4}.Production|Default.Deploy.0 = Production
	EndGlobalSection
	GlobalSection(SolutionProperties) = preSolution
		HideSolutionNode = FALSE
	EndGlobalSection
EndGlobal
