
Microsoft Visual Studio Solution File, Format Version 9.00
# Visual Studio 2005
Project("{FAE04EC0-301F-11D3-BF4B-00C04F79EFBC}") = "Harleysville.Utilities.Logger", "Harleysville.Utilities.Logger\Harleysville.Utilities.Logger.csproj", "{8F7B88E2-6A69-4BC5-A810-30520CE9B303}"
	ProjectSection(WebsiteProperties) = preProject
		Debug.AspNetCompiler.Debug = "True"
		Release.AspNetCompiler.Debug = "False"
	EndProjectSection
EndProject
Global
	GlobalSection(TeamFoundationVersionControl) = preSolution
		SccNumberOfProjects = 2
		SccEnterpriseProvider = {4CA58AB2-18FA-4F8D-95D4-32DDF27D184C}
		SccTeamFoundationServer = http://as73tfs01:8080/
		SccLocalPath0 = .
		SccProjectUniqueName1 = Harleysville.Utilities.Logger\\Harleysville.Utilities.Logger.csproj
		SccProjectName1 = Harleysville.Utilities.Logger
		SccLocalPath1 = Harleysville.Utilities.Logger
	EndGlobalSection
	GlobalSection(TextTemplating) = postSolution
		TextTemplating = 1
	EndGlobalSection
	GlobalSection(SolutionConfigurationPlatforms) = preSolution
		Debug|Any CPU = Debug|Any CPU
		Release|Any CPU = Release|Any CPU
	EndGlobalSection
	GlobalSection(ProjectConfigurationPlatforms) = postSolution
		{8F7B88E2-6A69-4BC5-A810-30520CE9B303}.Debug|Any CPU.ActiveCfg = Debug|Any CPU
		{8F7B88E2-6A69-4BC5-A810-30520CE9B303}.Debug|Any CPU.Build.0 = Debug|Any CPU
		{8F7B88E2-6A69-4BC5-A810-30520CE9B303}.Release|Any CPU.ActiveCfg = Release|Any CPU
		{8F7B88E2-6A69-4BC5-A810-30520CE9B303}.Release|Any CPU.Build.0 = Release|Any CPU
	EndGlobalSection
	GlobalSection(SolutionProperties) = preSolution
		HideSolutionNode = FALSE
	EndGlobalSection
EndGlobal
