
Microsoft Visual Studio Solution File, Format Version 9.00
# Visual Studio 2005
Project("{FAE04EC0-301F-11D3-BF4B-00C04F79EFBC}") = "Harleysville.Deployment.SnapIn", "Harleysville.Deployment.SnapIn\Harleysville.Deployment.SnapIn.csproj", "{29F45531-4D50-43A4-88E1-6CEFD8746F3E}"
EndProject
Global
	GlobalSection(TeamFoundationVersionControl) = preSolution
		SccNumberOfProjects = 2
		SccEnterpriseProvider = {4CA58AB2-18FA-4F8D-95D4-32DDF27D184C}
		SccTeamFoundationServer = http://as73tfs01:8080/
		SccLocalPath0 = .
		SccProjectUniqueName1 = Harleysville.Deployment.SnapIn\\Harleysville.Deployment.SnapIn.csproj
		SccProjectName1 = Harleysville.Deployment.SnapIn
		SccLocalPath1 = Harleysville.Deployment.SnapIn
	EndGlobalSection
	GlobalSection(SolutionConfigurationPlatforms) = preSolution
		Debug|Any CPU = Debug|Any CPU
		Release|Any CPU = Release|Any CPU
	EndGlobalSection
	GlobalSection(ProjectConfigurationPlatforms) = postSolution
		{29F45531-4D50-43A4-88E1-6CEFD8746F3E}.Debug|Any CPU.ActiveCfg = Debug|Any CPU
		{29F45531-4D50-43A4-88E1-6CEFD8746F3E}.Debug|Any CPU.Build.0 = Debug|Any CPU
		{29F45531-4D50-43A4-88E1-6CEFD8746F3E}.Release|Any CPU.ActiveCfg = Release|Any CPU
		{29F45531-4D50-43A4-88E1-6CEFD8746F3E}.Release|Any CPU.Build.0 = Release|Any CPU
	EndGlobalSection
	GlobalSection(SolutionProperties) = preSolution
		HideSolutionNode = FALSE
	EndGlobalSection
EndGlobal
